{
  "version": 4,
  "terraform_version": "1.4.6",
  "serial": 6,
  "lineage": "6da38c5e-694b-1659-103d-f6945f32483f",
  "outputs": {},
  "resources": [
    {
      "mode": "managed",
      "type": "docker_container",
      "name": "nginx",
      "provider": "provider[\"registry.terraform.io/kreuzwerker/docker\"]",
      "instances": []
    },
    {
      "mode": "managed",
      "type": "docker_image",
      "name": "nginx",
      "provider": "provider[\"registry.terraform.io/kreuzwerker/docker\"]",
      "instances": [
        {
          "schema_version": 0,
          "attributes": {
            "build": [],
            "force_remove": null,
            "id": "sha256:448a08f1d2f94e8db6db9286fd77a3a4f3712786583720a12f1648abb8cace25nginx",
            "image_id": "sha256:448a08f1d2f94e8db6db9286fd77a3a4f3712786583720a12f1648abb8cace25",
            "keep_locally": false,
            "name": "nginx",
            "platform": null,
            "pull_triggers": null,
            "repo_digest": "nginx@sha256:480868e8c8c797794257e2abd88d0f9a8809b2fe956cbfbc05dcc0bca1f7cd43",
            "triggers": null
          },
          "sensitive_attributes": [],
          "private": "bnVsbA=="
        }
      ]
    }
  ],
  "check_results": null
}
